
Microsoft Visual Studio Solution File, Format Version 12.00
# Visual Studio Version 17
VisualStudioVersion = 17.1.32407.343
MinimumVisualStudioVersion = 10.0.40219.1
Project("{FAE04EC0-301F-11D3-BF4B-00C04F79EFBC}") = "EFCoreRelationshipsTutorial", "EFCoreRelationshipsTutorial\EFCoreRelationshipsTutorial.csproj", "{561E63D9-AE07-4A43-897E-A644160867E8}"
EndProject
Global
	GlobalSection(SolutionConfigurationPlatforms) = preSolution
		Debug|Any CPU = Debug|Any CPU
		Release|Any CPU = Release|Any CPU
	EndGlobalSection
	GlobalSection(ProjectConfigurationPlatforms) = postSolution
		{561E63D9-AE07-4A43-897E-A644160867E8}.Debug|Any CPU.ActiveCfg = Debug|Any CPU
		{561E63D9-AE07-4A43-897E-A644160867E8}.Debug|Any CPU.Build.0 = Debug|Any CPU
		{561E63D9-AE07-4A43-897E-A644160867E8}.Release|Any CPU.ActiveCfg = Release|Any CPU
		{561E63D9-AE07-4A43-897E-A644160867E8}.Release|Any CPU.Build.0 = Release|Any CPU
	EndGlobalSection
	GlobalSection(SolutionProperties) = preSolution
		HideSolutionNode = FALSE
	EndGlobalSection
	GlobalSection(ExtensibilityGlobals) = postSolution
		SolutionGuid = {CF34B409-8DCD-42AA-9F5E-39C9F9A1CDFC}
	EndGlobalSection
EndGlobal
